
Microsoft Visual Studio Solution File, Format Version 12.00
# Visual Studio Version 17
VisualStudioVersion = 17.7.34024.191
MinimumVisualStudioVersion = 10.0.40219.1
Project("{FAE04EC0-301F-11D3-BF4B-00C04F79EFBC}") = "32.제목표시줄 사용하기", "32.제목표시줄 사용하기.csproj", "{4701FA5A-2E6B-4616-B5A0-57507634D161}"
EndProject
Global
	GlobalSection(SolutionConfigurationPlatforms) = preSolution
		Debug|Any CPU = Debug|Any CPU
		Release|Any CPU = Release|Any CPU
	EndGlobalSection
	GlobalSection(ProjectConfigurationPlatforms) = postSolution
		{4701FA5A-2E6B-4616-B5A0-57507634D161}.Debug|Any CPU.ActiveCfg = Debug|Any CPU
		{4701FA5A-2E6B-4616-B5A0-57507634D161}.Debug|Any CPU.Build.0 = Debug|Any CPU
		{4701FA5A-2E6B-4616-B5A0-57507634D161}.Release|Any CPU.ActiveCfg = Release|Any CPU
		{4701FA5A-2E6B-4616-B5A0-57507634D161}.Release|Any CPU.Build.0 = Release|Any CPU
	EndGlobalSection
	GlobalSection(SolutionProperties) = preSolution
		HideSolutionNode = FALSE
	EndGlobalSection
	GlobalSection(ExtensibilityGlobals) = postSolution
		SolutionGuid = {C4C44272-AB14-4B53-9086-827CC354AD62}
	EndGlobalSection
EndGlobal
