
Microsoft Visual Studio Solution File, Format Version 12.00
# Visual Studio Version 17
VisualStudioVersion = 17.8.34525.116
MinimumVisualStudioVersion = 10.0.40219.1
Project("{FAE04EC0-301F-11D3-BF4B-00C04F79EFBC}") = "36.LinkedList,SortedList", "36.LinkedList,SortedList.csproj", "{FE553A96-72FC-4436-ACAD-A0E18C6FB5DF}"
EndProject
Global
	GlobalSection(SolutionConfigurationPlatforms) = preSolution
		Debug|Any CPU = Debug|Any CPU
		Release|Any CPU = Release|Any CPU
	EndGlobalSection
	GlobalSection(ProjectConfigurationPlatforms) = postSolution
		{FE553A96-72FC-4436-ACAD-A0E18C6FB5DF}.Debug|Any CPU.ActiveCfg = Debug|Any CPU
		{FE553A96-72FC-4436-ACAD-A0E18C6FB5DF}.Debug|Any CPU.Build.0 = Debug|Any CPU
		{FE553A96-72FC-4436-ACAD-A0E18C6FB5DF}.Release|Any CPU.ActiveCfg = Release|Any CPU
		{FE553A96-72FC-4436-ACAD-A0E18C6FB5DF}.Release|Any CPU.Build.0 = Release|Any CPU
	EndGlobalSection
	GlobalSection(SolutionProperties) = preSolution
		HideSolutionNode = FALSE
	EndGlobalSection
	GlobalSection(ExtensibilityGlobals) = postSolution
		SolutionGuid = {CAC92428-599D-46B1-887F-462B40F9A719}
	EndGlobalSection
EndGlobal
