
Microsoft Visual Studio Solution File, Format Version 12.00
# Visual Studio Version 17
VisualStudioVersion = 17.7.34024.191
MinimumVisualStudioVersion = 10.0.40219.1
Project("{FAE04EC0-301F-11D3-BF4B-00C04F79EFBC}") = "33.동적 Layout 만들기", "33.동적 Layout 만들기.csproj", "{39647B69-C6B9-414F-9E4A-04F934411747}"
EndProject
Global
	GlobalSection(SolutionConfigurationPlatforms) = preSolution
		Debug|Any CPU = Debug|Any CPU
		Release|Any CPU = Release|Any CPU
	EndGlobalSection
	GlobalSection(ProjectConfigurationPlatforms) = postSolution
		{39647B69-C6B9-414F-9E4A-04F934411747}.Debug|Any CPU.ActiveCfg = Debug|Any CPU
		{39647B69-C6B9-414F-9E4A-04F934411747}.Debug|Any CPU.Build.0 = Debug|Any CPU
		{39647B69-C6B9-414F-9E4A-04F934411747}.Release|Any CPU.ActiveCfg = Release|Any CPU
		{39647B69-C6B9-414F-9E4A-04F934411747}.Release|Any CPU.Build.0 = Release|Any CPU
	EndGlobalSection
	GlobalSection(SolutionProperties) = preSolution
		HideSolutionNode = FALSE
	EndGlobalSection
	GlobalSection(ExtensibilityGlobals) = postSolution
		SolutionGuid = {016C7743-8845-4B39-AB87-964E0BBCA784}
	EndGlobalSection
EndGlobal
