
Microsoft Visual Studio Solution File, Format Version 12.00
# Visual Studio Version 17
VisualStudioVersion = 17.8.34525.116
MinimumVisualStudioVersion = 10.0.40219.1
Project("{FAE04EC0-301F-11D3-BF4B-00C04F79EFBC}") = "45.DB사용하기", "45.DB사용하기.csproj", "{998E52A5-8617-407F-80EF-1139D5FFB519}"
EndProject
Global
	GlobalSection(SolutionConfigurationPlatforms) = preSolution
		Debug|Any CPU = Debug|Any CPU
		Release|Any CPU = Release|Any CPU
	EndGlobalSection
	GlobalSection(ProjectConfigurationPlatforms) = postSolution
		{998E52A5-8617-407F-80EF-1139D5FFB519}.Debug|Any CPU.ActiveCfg = Debug|Any CPU
		{998E52A5-8617-407F-80EF-1139D5FFB519}.Debug|Any CPU.Build.0 = Debug|Any CPU
		{998E52A5-8617-407F-80EF-1139D5FFB519}.Release|Any CPU.ActiveCfg = Release|Any CPU
		{998E52A5-8617-407F-80EF-1139D5FFB519}.Release|Any CPU.Build.0 = Release|Any CPU
	EndGlobalSection
	GlobalSection(SolutionProperties) = preSolution
		HideSolutionNode = FALSE
	EndGlobalSection
	GlobalSection(ExtensibilityGlobals) = postSolution
		SolutionGuid = {20FAE744-6E63-4530-904A-4CC691EAFC33}
	EndGlobalSection
EndGlobal
